
Microsoft Visual Studio Solution File, Format Version 12.00
# Visual Studio Version 17
VisualStudioVersion = 17.5.33627.172
MinimumVisualStudioVersion = 10.0.40219.1
Project("{9A19103F-16F7-4668-BE54-9A1E7A4F7556}") = "SmartShop.Core", "SmartShop.Core\SmartShop.Core.csproj", "{9291C9F4-D73A-457D-9E5B-8C1422280A2A}"
EndProject
Project("{9A19103F-16F7-4668-BE54-9A1E7A4F7556}") = "SmartShop.WebAdmin", "SmartShop.WebAdmin\SmartShop.WebAdmin.csproj", "{8B6FAC5A-B962-44C5-9247-95B77B4C56C0}"
EndProject
Project("{54A90642-561A-4BB1-A94E-469ADEE60C69}") = "smartshop.client", "SmartShop.Client\smartshop.client.esproj", "{8ED41A9D-FDBE-403D-9E19-09EC0526A847}"
EndProject
Global
	GlobalSection(SolutionConfigurationPlatforms) = preSolution
		Debug|Any CPU = Debug|Any CPU
		Release|Any CPU = Release|Any CPU
	EndGlobalSection
	GlobalSection(ProjectConfigurationPlatforms) = postSolution
		{9291C9F4-D73A-457D-9E5B-8C1422280A2A}.Debug|Any CPU.ActiveCfg = Debug|Any CPU
		{9291C9F4-D73A-457D-9E5B-8C1422280A2A}.Debug|Any CPU.Build.0 = Debug|Any CPU
		{9291C9F4-D73A-457D-9E5B-8C1422280A2A}.Release|Any CPU.ActiveCfg = Release|Any CPU
		{9291C9F4-D73A-457D-9E5B-8C1422280A2A}.Release|Any CPU.Build.0 = Release|Any CPU
		{8B6FAC5A-B962-44C5-9247-95B77B4C56C0}.Debug|Any CPU.ActiveCfg = Debug|Any CPU
		{8B6FAC5A-B962-44C5-9247-95B77B4C56C0}.Debug|Any CPU.Build.0 = Debug|Any CPU
		{8B6FAC5A-B962-44C5-9247-95B77B4C56C0}.Release|Any CPU.ActiveCfg = Release|Any CPU
		{8B6FAC5A-B962-44C5-9247-95B77B4C56C0}.Release|Any CPU.Build.0 = Release|Any CPU
		{8ED41A9D-FDBE-403D-9E19-09EC0526A847}.Debug|Any CPU.ActiveCfg = Debug|Any CPU
		{8ED41A9D-FDBE-403D-9E19-09EC0526A847}.Debug|Any CPU.Build.0 = Debug|Any CPU
		{8ED41A9D-FDBE-403D-9E19-09EC0526A847}.Debug|Any CPU.Deploy.0 = Debug|Any CPU
		{8ED41A9D-FDBE-403D-9E19-09EC0526A847}.Release|Any CPU.ActiveCfg = Release|Any CPU
		{8ED41A9D-FDBE-403D-9E19-09EC0526A847}.Release|Any CPU.Build.0 = Release|Any CPU
		{8ED41A9D-FDBE-403D-9E19-09EC0526A847}.Release|Any CPU.Deploy.0 = Release|Any CPU
	EndGlobalSection
	GlobalSection(SolutionProperties) = preSolution
		HideSolutionNode = FALSE
	EndGlobalSection
	GlobalSection(ExtensibilityGlobals) = postSolution
		SolutionGuid = {328A3D24-2A03-4684-AC75-538CF99CA962}
	EndGlobalSection
EndGlobal
